# This file is automatically @generated by Cargo.
# It is not intended for manual editing.
version = 4

[[package]]
name = "emdash-core"
version = "0.1.0"

[[package]]
name = "emdash-db"
version = "0.1.0"

[[package]]
name = "emdash-sandbox"
version = "0.1.0"

[[package]]
name = "emdash-schema"
version = "0.1.0"

[[package]]
name = "emdash-server"
version = "0.1.0"
